
Microsoft Visual Studio Solution File, Format Version 12.00
# Visual Studio Version 17
VisualStudioVersion = 17.11.35312.102
MinimumVisualStudioVersion = 10.0.40219.1
Project("{FAE04EC0-301F-11D3-BF4B-00C04F79EFBC}") = "Queue", "Queue\Queue.csproj", "{4DC43E77-2F49-48A2-9AEA-E2226C9B47C8}"
EndProject
Global
	GlobalSection(SolutionConfigurationPlatforms) = preSolution
		Debug|Any CPU = Debug|Any CPU
		Release|Any CPU = Release|Any CPU
	EndGlobalSection
	GlobalSection(ProjectConfigurationPlatforms) = postSolution
		{4DC43E77-2F49-48A2-9AEA-E2226C9B47C8}.Debug|Any CPU.ActiveCfg = Debug|Any CPU
		{4DC43E77-2F49-48A2-9AEA-E2226C9B47C8}.Debug|Any CPU.Build.0 = Debug|Any CPU
		{4DC43E77-2F49-48A2-9AEA-E2226C9B47C8}.Release|Any CPU.ActiveCfg = Release|Any CPU
		{4DC43E77-2F49-48A2-9AEA-E2226C9B47C8}.Release|Any CPU.Build.0 = Release|Any CPU
	EndGlobalSection
	GlobalSection(SolutionProperties) = preSolution
		HideSolutionNode = FALSE
	EndGlobalSection
	GlobalSection(ExtensibilityGlobals) = postSolution
		SolutionGuid = {6F1DFF95-12EB-4343-8B8A-DADA9227FB8E}
	EndGlobalSection
EndGlobal
